lockfileVersion: '6.0'

settings:
  autoInstallPeers: true
  excludeLinksFromLockfile: false

dependencies:
  clsx:
    specifier: ^1.2.1
    version: 1.2.1
  tailwind-merge:
    specifier: ^1.13.0
    version: 1.13.0
  zod:
    specifier: ^3.21.4
    version: 3.21.4

packages:

  /clsx@1.2.1:
    resolution: {integrity: sha512-EcR6r5a8bj6pu3ycsa/E/cKVGuTgZJZdsyUYHOksG/UHIiKfjxzRxYJpyVBwYaQeOvghal9fcc4PidlgzugAQg==}
    engines: {node: '>=6'}
    dev: false

  /tailwind-merge@1.13.0:
    resolution: {integrity: sha512-mUTmDbcU+IhOvJ0c42eLQ/nRkvolTqfpVaVQRSxfJAv9TabS6Y2zW/1wKpKLdKzyL3Gh8j6NTLl6MWNmvOM6kA==}
    dev: false

  /zod@3.21.4:
    resolution: {integrity: sha512-m46AKbrzKVzOzs/DZgVnG5H55N1sv1M8qZU3A8RIKbs3mrACDNeIOeilDymVb2HdmP8uwshOCF4uJ8uM9rCqJw==}
    dev: false
